// !$*UTF8*$!
{
	archiveVersion = 1;
	classes = {
	};
	objectVersion = 50;
	objects = {

/* Begin PBXBuildFile section */
		9A481458209F8AD6006025D3 /* AppDelegate.swift in Sources */ = {isa = PBXBuildFile; fileRef = 9A481457209F8AD6006025D3 /* AppDelegate.swift */; };
		9A48145A209F8AD6006025D3 /* ViewController.swift in Sources */ = {isa = PBXBuildFile; fileRef = 9A481459209F8AD6006025D3 /* ViewController.swift */; };
		9A48145D209F8AD6006025D3 /* Main.storyboard in Resources */ = {isa = PBXBuildFile; fileRef = 9A48145B209F8AD6006025D3 /* Main.storyboard */; };
		9A48145F209F8AD7006025D3 /* Assets.xcassets in Resources */ = {isa = PBXBuildFile; fileRef = 9A48145E209F8AD7006025D3 /* Assets.xcassets */; };
		9A481462209F8AD7006025D3 /* LaunchScreen.storyboard in Resources */ = {isa = PBXBuildFile; fileRef = 9A481460209F8AD7006025D3 /* LaunchScreen.storyboard */; };
		9A48146D209F8AD7006025D3 /* QuestionnaireTests.swift in Sources */ = {isa = PBXBuildFile; fileRef = 9A48146C209F8AD7006025D3 /* QuestionnaireTests.swift */; };
/* End PBXBuildFile section */

/* Begin PBXContainerItemProxy section */
		9A481469209F8AD7006025D3 /* PBXContainerItemProxy */ = {
			isa = PBXContainerItemProxy;
			containerPortal = 9A48144C209F8AD6006025D3 /* Project object */;
			proxyType = 1;
			remoteGlobalIDString = 9A481453209F8AD6006025D3;
			remoteInfo = Questionnaire;
		};
/* End PBXContainerItemProxy section */

/* Begin PBXFileReference section */
		9A481454209F8AD6006025D3 /* Questionnaire.app */ = {isa = PBXFileReference; explicitFileType = wrapper.application; includeInIndex = 0; path = Questionnaire.app; sourceTree = BUILT_PRODUCTS_DIR; };
		9A481457209F8AD6006025D3 /* AppDelegate.swift */ = {isa = PBXFileReference; lastKnownFileType = sourcecode.swift; path = AppDelegate.swift; sourceTree = "<group>"; };
		9A481459209F8AD6006025D3 /* ViewController.swift */ = {isa = PBXFileReference; lastKnownFileType = sourcecode.swift; path = ViewController.swift; sourceTree = "<group>"; };
		9A48145C209F8AD6006025D3 /* Base */ = {isa = PBXFileReference; lastKnownFileType = file.storyboard; name = Base; path = Base.lproj/Main.storyboard; sourceTree = "<group>"; };
		9A48145E209F8AD7006025D3 /* Assets.xcassets */ = {isa = PBXFileReference; lastKnownFileType = folder.assetcatalog; path = Assets.xcassets; sourceTree = "<group>"; };
		9A481461209F8AD7006025D3 /* Base */ = {isa = PBXFileReference; lastKnownFileType = file.storyboard; name = Base; path = Base.lproj/LaunchScreen.storyboard; sourceTree = "<group>"; };
		9A481463209F8AD7006025D3 /* Info.plist */ = {isa = PBXFileReference; lastKnownFileType = text.plist.xml; path = Info.plist; sourceTree = "<group>"; };
		9A481468209F8AD7006025D3 /* QuestionnaireTests.xctest */ = {isa = PBXFileReference; explicitFileType = wrapper.cfbundle; includeInIndex = 0; path = QuestionnaireTests.xctest; sourceTree = BUILT_PRODUCTS_DIR; };
		9A48146C209F8AD7006025D3 /* QuestionnaireTests.swift */ = {isa = PBXFileReference; lastKnownFileType = sourcecode.swift; path = QuestionnaireTests.swift; sourceTree = "<group>"; };
		9A48146E209F8AD7006025D3 /* Info.plist */ = {isa = PBXFileReference; lastKnownFileType = text.plist.xml; path = Info.plist; sourceTree = "<group>"; };
/* End PBXFileReference section */

/* Begin PBXFrameworksBuildPhase section */
		9A481451209F8AD6006025D3 /* Frameworks */ = {
			isa = PBXFrameworksBuildPhase;
			buildActionMask = 2147483647;
			files = (
			);
			runOnlyForDeploymentPostprocessing = 0;
		};
		9A481465209F8AD7006025D3 /* Frameworks */ = {
			isa = PBXFrameworksBuildPhase;
			buildActionMask = 2147483647;
			files = (
			);
			runOnlyForDeploymentPostprocessing = 0;
		};
/* End PBXFrameworksBuildPhase section */

/* Begin PBXGroup section */
		9A48144B209F8AD6006025D3 = {
			isa = PBXGroup;
			children = (
				9A481456209F8AD6006025D3 /* Questionnaire */,
				9A48146B209F8AD7006025D3 /* QuestionnaireTests */,
				9A481455209F8AD6006025D3 /* Products */,
			);
			sourceTree = "<group>";
		};
		9A481455209F8AD6006025D3 /* Products */ = {
			isa = PBXGroup;
			children = (
				9A481454209F8AD6006025D3 /* Questionnaire.app */,
				9A481468209F8AD7006025D3 /* QuestionnaireTests.xctest */,
			);
			name = Products;
			sourceTree = "<group>";
		};
		9A481456209F8AD6006025D3 /* Questionnaire */ = {
			isa = PBXGroup;
			children = (
				9A481457209F8AD6006025D3 /* AppDelegate.swift */,
				9A481459209F8AD6006025D3 /* ViewController.swift */,
				9A48145B209F8AD6006025D3 /* Main.storyboard */,
				9A48145E209F8AD7006025D3 /* Assets.xcassets */,
				9A481460209F8AD7006025D3 /* LaunchScreen.storyboard */,
				9A481463209F8AD7006025D3 /* Info.plist */,
			);
			path = Questionnaire;
			sourceTree = "<group>";
		};
		9A48146B209F8AD7006025D3 /* QuestionnaireTests */ = {
			isa = PBXGroup;
			children = (
				9A48146C209F8AD7006025D3 /* QuestionnaireTests.swift */,
				9A48146E209F8AD7006025D3 /* Info.plist */,
			);
			path = QuestionnaireTests;
			sourceTree = "<group>";
		};
/* End PBXGroup section */

/* Begin PBXNativeTarget section */
		9A481453209F8AD6006025D3 /* Questionnaire */ = {
			isa = PBXNativeTarget;
			buildConfigurationList = 9A481471209F8AD7006025D3 /* Build configuration list for PBXNativeTarget "Questionnaire" */;
			buildPhases = (
				9A481450209F8AD6006025D3 /* Sources */,
				9A481451209F8AD6006025D3 /* Frameworks */,
				9A481452209F8AD6006025D3 /* Resources */,
			);
			buildRules = (
			);
			dependencies = (
			);
			name = Questionnaire;
			productName = Questionnaire;
			productReference = 9A481454209F8AD6006025D3 /* Questionnaire.app */;
			productType = "com.apple.product-type.application";
		};
		9A481467209F8AD7006025D3 /* QuestionnaireTests */ = {
			isa = PBXNativeTarget;
			buildConfigurationList = 9A481474209F8AD7006025D3 /* Build configuration list for PBXNativeTarget "QuestionnaireTests" */;
			buildPhases = (
				9A481464209F8AD7006025D3 /* Sources */,
				9A481465209F8AD7006025D3 /* Frameworks */,
				9A481466209F8AD7006025D3 /* Resources */,
			);
			buildRules = (
			);
			dependencies = (
				9A48146A209F8AD7006025D3 /* PBXTargetDependency */,
			);
			name = QuestionnaireTests;
			productName = QuestionnaireTests;
			productReference = 9A481468209F8AD7006025D3 /* QuestionnaireTests.xctest */;
			productType = "com.apple.product-type.bundle.unit-test";
		};
/* End PBXNativeTarget section */

/* Begin PBXProject section */
		9A48144C209F8AD6006025D3 /* Project object */ = {
			isa = PBXProject;
			attributes = {
				LastSwiftUpdateCheck = 0930;
				LastUpgradeCheck = 0930;
				ORGANIZATIONNAME = "Abubakr Dar";
				TargetAttributes = {
					9A481453209F8AD6006025D3 = {
						CreatedOnToolsVersion = 9.3;
					};
					9A481467209F8AD7006025D3 = {
						CreatedOnToolsVersion = 9.3;
						TestTargetID = 9A481453209F8AD6006025D3;
					};
				};
			};
			buildConfigurationList = 9A48144F209F8AD6006025D3 /* Build configuration list for PBXProject "Questionnaire" */;
			compatibilityVersion = "Xcode 9.3";
			developmentRegion = en;
			hasScannedForEncodings = 0;
			knownRegions = (
				en,
				Base,
			);
			mainGroup = 9A48144B209F8AD6006025D3;
			productRefGroup = 9A481455209F8AD6006025D3 /* Products */;
			projectDirPath = "";
			projectRoot = "";
			targets = (
				9A481453209F8AD6006025D3 /* Questionnaire */,
				9A481467209F8AD7006025D3 /* QuestionnaireTests */,
			);
		};
/* End PBXProject section */

/* Begin PBXResourcesBuildPhase section */
		9A481452209F8AD6006025D3 /* Resources */ = {
			isa = PBXResourcesBuildPhase;
			buildActionMask = 2147483647;
			files = (
				9A481462209F8AD7006025D3 /* LaunchScreen.storyboard in Resources */,
				9A48145F209F8AD7006025D3 /* Assets.xcassets in Resources */,
				9A48145D209F8AD6006025D3 /* Main.storyboard in Resources */,
			);
			runOnlyForDeploymentPostprocessing = 0;
		};
		9A481466209F8AD7006025D3 /* Resources */ = {
			isa = PBXResourcesBuildPhase;
			buildActionMask = 2147483647;
			files = (
			);
			runOnlyForDeploymentPostprocessing = 0;
		};
/* End PBXResourcesBuildPhase section */

/* Begin PBXSourcesBuildPhase section */
		9A481450209F8AD6006025D3 /* Sources */ = {
			isa = PBXSourcesBuildPhase;
			buildActionMask = 2147483647;
			files = (
				9A48145A209F8AD6006025D3 /* ViewController.swift in Sources */,
				9A481458209F8AD6006025D3 /* AppDelegate.swift in Sources */,
			);
			runOnlyForDeploymentPostprocessing = 0;
		};
		9A481464209F8AD7006025D3 /* Sources */ = {
			isa = PBXSourcesBuildPhase;
			buildActionMask = 2147483647;
			files = (
				9A48146D209F8AD7006025D3 /* QuestionnaireTests.swift in Sources */,
			);
			runOnlyForDeploymentPostprocessing = 0;
		};
/* End PBXSourcesBuildPhase section */

/* Begin PBXTargetDependency section */
		9A48146A209F8AD7006025D3 /* PBXTargetDependency */ = {
			isa = PBXTargetDependency;
			target = 9A481453209F8AD6006025D3 /* Questionnaire */;
			targetProxy = 9A481469209F8AD7006025D3 /* PBXContainerItemProxy */;
		};
/* End PBXTargetDependency section */

/* Begin PBXVariantGroup section */
		9A48145B209F8AD6006025D3 /* Main.storyboard */ = {
			isa = PBXVariantGroup;
			children = (
				9A48145C209F8AD6006025D3 /* Base */,
			);
			name = Main.storyboard;
			sourceTree = "<group>";
		};
		9A481460209F8AD7006025D3 /* LaunchScreen.storyboard */ = {
			isa = PBXVariantGroup;
			children = (
				9A481461209F8AD7006025D3 /* Base */,
			);
			name = LaunchScreen.storyboard;
			sourceTree = "<group>";
		};
/* End PBXVariantGroup section */

/* Begin XCBuildConfiguration section */
		9A48146F209F8AD7006025D3 /* Debug */ = {
			isa = XCBuildConfiguration;
			buildSettings = {
				ALWAYS_SEARCH_USER_PATHS = NO;
				CLANG_ANALYZER_NONNULL = YES;
				CLANG_ANALYZER_NUMBER_OBJECT_CONVERSION = YES_AGGRESSIVE;
				CLANG_CXX_LANGUAGE_STANDARD = "gnu++14";
				CLANG_CXX_LIBRARY = "libc++";
				CLANG_ENABLE_MODULES = YES;
				CLANG_ENABLE_OBJC_ARC = YES;
				CLANG_ENABLE_OBJC_WEAK = YES;
				CLANG_WARN_BLOCK_CAPTURE_AUTORELEASING = YES;
				CLANG_WARN_BOOL_CONVERSION = YES;
				CLANG_WARN_COMMA = YES;
				CLANG_WARN_CONSTANT_CONVERSION = YES;
				CLANG_WARN_DEPRECATED_OBJC_IMPLEMENTATIONS = YES;
				CLANG_WARN_DIRECT_OBJC_ISA_USAGE = YES_ERROR;
				CLANG_WARN_DOCUMENTATION_COMMENTS = YES;
				CLANG_WARN_EMPTY_BODY = YES;
				CLANG_WARN_ENUM_CONVERSION = YES;
				CLANG_WARN_INFINITE_RECURSION = YES;
				CLANG_WARN_INT_CONVERSION = YES;
				CLANG_WARN_NON_LITERAL_NULL_CONVERSION = YES;
				CLANG_WARN_OBJC_IMPLICIT_RETAIN_SELF = YES;
				CLANG_WARN_OBJC_LITERAL_CONVERSION = YES;
				CLANG_WARN_OBJC_ROOT_CLASS = YES_ERROR;
				CLANG_WARN_RANGE_LOOP_ANALYSIS = YES;
				CLANG_WARN_STRICT_PROTOTYPES = YES;
				CLANG_WARN_SUSPICIOUS_MOVE = YES;
				CLANG_WARN_UNGUARDED_AVAILABILITY = YES_AGGRESSIVE;
				CLANG_WARN_UNREACHABLE_CODE = YES;
				CLANG_WARN__DUPLICATE_METHOD_MATCH = YES;
				CODE_SIGN_IDENTITY = "iPhone Developer";
				COPY_PHASE_STRIP = NO;
				DEBUG_INFORMATION_FORMAT = dwarf;
				ENABLE_STRICT_OBJC_MSGSEND = YES;
				ENABLE_TESTABILITY = YES;
				GCC_C_LANGUAGE_STANDARD = gnu11;
				GCC_DYNAMIC_NO_PIC = NO;
				GCC_NO_COMMON_BLOCKS = YES;
				GCC_OPTIMIZATION_LEVEL = 0;
				GCC_PREPROCESSOR_DEFINITIONS = (
					"DEBUG=1",
					"$(inherited)",
				);
				GCC_WARN_64_TO_32_BIT_CONVERSION = YES;
				GCC_WARN_ABOUT_RETURN_TYPE = YES_ERROR;
				GCC_WARN_UNDECLARED_SELECTOR = YES;
				GCC_WARN_UNINITIALIZED_AUTOS = YES_AGGRESSIVE;
				GCC_WARN_UNUSED_FUNCTION = YES;
				GCC_WARN_UNUSED_VARIABLE = YES;
				IPHONEOS_DEPLOYMENT_TARGET = 11.3;
				MTL_ENABLE_DEBUG_INFO = YES;
				ONLY_ACTIVE_ARCH = YES;
				SDKROOT = iphoneos;
				SWIFT_ACTIVE_COMPILATION_CONDITIONS = DEBUG;
				SWIFT_OPTIMIZATION_LEVEL = "-Onone";
			};
			name = Debug;
		};
		9A481470209F8AD7006025D3 /* Release */ = {
			isa = XCBuildConfiguration;
			buildSettings = {
				ALWAYS_SEARCH_USER_PATHS = NO;
				CLANG_ANALYZER_NONNULL = YES;
				CLANG_ANALYZER_NUMBER_OBJECT_CONVERSION = YES_AGGRESSIVE;
				CLANG_CXX_LANGUAGE_STANDARD = "gnu++14";
				CLANG_CXX_LIBRARY = "libc++";
				CLANG_ENABLE_MODULES = YES;
				CLANG_ENABLE_OBJC_ARC = YES;
				CLANG_ENABLE_OBJC_WEAK = YES;
				CLANG_WARN_BLOCK_CAPTURE_AUTORELEASING = YES;
				CLANG_WARN_BOOL_CONVERSION = YES;
				CLANG_WARN_COMMA = YES;
				CLANG_WARN_CONSTANT_CONVERSION = YES;
				CLANG_WARN_DEPRECATED_OBJC_IMPLEMENTATIONS = YES;
				CLANG_WARN_DIRECT_OBJC_ISA_USAGE = YES_ERROR;
				CLANG_WARN_DOCUMENTATION_COMMENTS = YES;
				CLANG_WARN_EMPTY_BODY = YES;
				CLANG_WARN_ENUM_CONVERSION = YES;
				CLANG_WARN_INFINITE_RECURSION = YES;
				CLANG_WARN_INT_CONVERSION = YES;
				CLANG_WARN_NON_LITERAL_NULL_CONVERSION = YES;
				CLANG_WARN_OBJC_IMPLICIT_RETAIN_SELF = YES;
				CLANG_WARN_OBJC_LITERAL_CONVERSION = YES;
				CLANG_WARN_OBJC_ROOT_CLASS = YES_ERROR;
				CLANG_WARN_RANGE_LOOP_ANALYSIS = YES;
				CLANG_WARN_STRICT_PROTOTYPES = YES;
				CLANG_WARN_SUSPICIOUS_MOVE = YES;
				CLANG_WARN_UNGUARDED_AVAILABILITY = YES_AGGRESSIVE;
				CLANG_WARN_UNREACHABLE_CODE = YES;
				CLANG_WARN__DUPLICATE_METHOD_MATCH = YES;
				CODE_SIGN_IDENTITY = "iPhone Developer";
				COPY_PHASE_STRIP = NO;
				DEBUG_INFORMATION_FORMAT = "dwarf-with-dsym";
				ENABLE_NS_ASSERTIONS = NO;
				ENABLE_STRICT_OBJC_MSGSEND = YES;
				GCC_C_LANGUAGE_STANDARD = gnu11;
				GCC_NO_COMMON_BLOCKS = YES;
				GCC_WARN_64_TO_32_BIT_CONVERSION = YES;
				GCC_WARN_ABOUT_RETURN_TYPE = YES_ERROR;
				GCC_WARN_UNDECLARED_SELECTOR = YES;
				GCC_WARN_UNINITIALIZED_AUTOS = YES_AGGRESSIVE;
				GCC_WARN_UNUSED_FUNCTION = YES;
				GCC_WARN_UNUSED_VARIABLE = YES;
				IPHONEOS_DEPLOYMENT_TARGET = 11.3;
				MTL_ENABLE_DEBUG_INFO = NO;
				SDKROOT = iphoneos;
				SWIFT_COMPILATION_MODE = wholemodule;
				SWIFT_OPTIMIZATION_LEVEL = "-O";
				VALIDATE_PRODUCT = YES;
			};
			name = Release;
		};
		9A481472209F8AD7006025D3 /* Debug */ = {
			isa = XCBuildConfiguration;
			buildSettings = {
				ASSETCATALOG_COMPILER_APPICON_NAME = AppIcon;
				CODE_SIGN_STYLE = Automatic;
				DEVELOPMENT_TEAM = BRU35A4Y73;
				INFOPLIST_FILE = Questionnaire/Info.plist;
				LD_RUNPATH_SEARCH_PATHS = (
					"$(inherited)",
					"@executable_path/Frameworks",
				);
				PRODUCT_BUNDLE_IDENTIFIER = com.zazzy.Questionnaire;
				PRODUCT_NAME = "$(TARGET_NAME)";
				SWIFT_VERSION = 4.0;
				TARGETED_DEVICE_FAMILY = "1,2";
			};
			name = Debug;
		};
		9A481473209F8AD7006025D3 /* Release */ = {
			isa = XCBuildConfiguration;
			buildSettings = {
				ASSETCATALOG_COMPILER_APPICON_NAME = AppIcon;
				CODE_SIGN_STYLE = Automatic;
				DEVELOPMENT_TEAM = BRU35A4Y73;
				INFOPLIST_FILE = Questionnaire/Info.plist;
				LD_RUNPATH_SEARCH_PATHS = (
					"$(inherited)",
					"@executable_path/Frameworks",
				);
				PRODUCT_BUNDLE_IDENTIFIER = com.zazzy.Questionnaire;
				PRODUCT_NAME = "$(TARGET_NAME)";
				SWIFT_VERSION = 4.0;
				TARGETED_DEVICE_FAMILY = "1,2";
			};
			name = Release;
		};
		9A481475209F8AD7006025D3 /* Debug */ = {
			isa = XCBuildConfiguration;
			buildSettings = {
				ALWAYS_EMBED_SWIFT_STANDARD_LIBRARIES = YES;
				BUNDLE_LOADER = "$(TEST_HOST)";
				CODE_SIGN_STYLE = Automatic;
				DEVELOPMENT_TEAM = BRU35A4Y73;
				INFOPLIST_FILE = QuestionnaireTests/Info.plist;
				LD_RUNPATH_SEARCH_PATHS = (
					"$(inherited)",
					"@executable_path/Frameworks",
					"@loader_path/Frameworks",
				);
				PRODUCT_BUNDLE_IDENTIFIER = com.zazzy.QuestionnaireTests;
				PRODUCT_NAME = "$(TARGET_NAME)";
				SWIFT_VERSION = 4.0;
				TARGETED_DEVICE_FAMILY = "1,2";
				TEST_HOST = "$(BUILT_PRODUCTS_DIR)/Questionnaire.app/Questionnaire";
			};
			name = Debug;
		};
		9A481476209F8AD7006025D3 /* Release */ = {
			isa = XCBuildConfiguration;
			buildSettings = {
				ALWAYS_EMBED_SWIFT_STANDARD_LIBRARIES = YES;
				BUNDLE_LOADER = "$(TEST_HOST)";
				CODE_SIGN_STYLE = Automatic;
				DEVELOPMENT_TEAM = BRU35A4Y73;
				INFOPLIST_FILE = QuestionnaireTests/Info.plist;
				LD_RUNPATH_SEARCH_PATHS = (
					"$(inherited)",
					"@executable_path/Frameworks",
					"@loader_path/Frameworks",
				);
				PRODUCT_BUNDLE_IDENTIFIER = com.zazzy.QuestionnaireTests;
				PRODUCT_NAME = "$(TARGET_NAME)";
				SWIFT_VERSION = 4.0;
				TARGETED_DEVICE_FAMILY = "1,2";
				TEST_HOST = "$(BUILT_PRODUCTS_DIR)/Questionnaire.app/Questionnaire";
			};
			name = Release;
		};
/* End XCBuildConfiguration section */

/* Begin XCConfigurationList section */
		9A48144F209F8AD6006025D3 /* Build configuration list for PBXProject "Questionnaire" */ = {
			isa = XCConfigurationList;
			buildConfigurations = (
				9A48146F209F8AD7006025D3 /* Debug */,
				9A481470209F8AD7006025D3 /* Release */,
			);
			defaultConfigurationIsVisible = 0;
			defaultConfigurationName = Release;
		};
		9A481471209F8AD7006025D3 /* Build configuration list for PBXNativeTarget "Questionnaire" */ = {
			isa = XCConfigurationList;
			buildConfigurations = (
				9A481472209F8AD7006025D3 /* Debug */,
				9A481473209F8AD7006025D3 /* Release */,
			);
			defaultConfigurationIsVisible = 0;
			defaultConfigurationName = Release;
		};
		9A481474209F8AD7006025D3 /* Build configuration list for PBXNativeTarget "QuestionnaireTests" */ = {
			isa = XCConfigurationList;
			buildConfigurations = (
				9A481475209F8AD7006025D3 /* Debug */,
				9A481476209F8AD7006025D3 /* Release */,
			);
			defaultConfigurationIsVisible = 0;
			defaultConfigurationName = Release;
		};
/* End XCConfigurationList section */
	};
	rootObject = 9A48144C209F8AD6006025D3 /* Project object */;
}
